{
    "_readme": [
        "This file locks the dependencies of your project to a known state",
        "Read more about it at https://getcomposer.org/doc/01-basic-usage.md#installing-dependencies",
        "This file is @generated automatically"
    ],
    "content-hash": "ff8c9c49ae83079afa69097429faf1ee",
    "packages": [
        {
            "name": "appsero/client",
            "version": "v1.2.1",
            "source": {
                "type": "git",
                "url": "https://github.com/Appsero/client.git",
                "reference": "d110c537f4ca92ac7f3398eee67cc6bdf506a4fb"
            },
            "dist": {
                "type": "zip",
                "url": "https://api.github.com/repos/Appsero/client/zipball/d110c537f4ca92ac7f3398eee67cc6bdf506a4fb",
                "reference": "d110c537f4ca92ac7f3398eee67cc6bdf506a4fb",
                "shasum": ""
            },
            "require": {
                "php": ">=5.3"
            },
            "type": "library",
            "autoload": {
                "psr-4": {
                    "Appsero\\": "src/"
                }
            },
            "notification-url": "https://packagist.org/downloads/",
            "license": [
                "MIT"
            ],
            "authors": [
                {
                    "name": "Tareq Hasan",
                    "email": "tareq@appsero.com"
                }
            ],
            "description": "Appsero Client",
            "keywords": [
                "analytics",
                "plugin",
                "theme",
                "wordpress"
            ],
            "support": {
                "issues": "https://github.com/Appsero/client/issues",
                "source": "https://github.com/Appsero/client/tree/v1.2.1"
            },
            "time": "2022-06-30T12:01:38+00:00"
        },
        {
            "name": "ivome/graphql-relay-php",
            "version": "v0.7.0",
            "source": {
                "type": "git",
                "url": "https://github.com/ivome/graphql-relay-php.git",
                "reference": "06bd176103618d896197d85d04a3a17c91e39698"
            },
            "dist": {
                "type": "zip",
                "url": "https://api.github.com/repos/ivome/graphql-relay-php/zipball/06bd176103618d896197d85d04a3a17c91e39698",
                "reference": "06bd176103618d896197d85d04a3a17c91e39698",
                "shasum": ""
            },
            "require": {
                "php": "^7.1 || ^8.0",
                "webonyx/graphql-php": "^14.0 || ^15.0"
            },
            "require-dev": {
                "phpunit/phpunit": "^7.5 || ^8.5 || ^9.5",
                "satooshi/php-coveralls": "~1.0"
            },
            "type": "library",
            "autoload": {
                "classmap": [
                    "src/"
                ]
            },
            "notification-url": "https://packagist.org/downloads/",
            "license": [
                "BSD-3-Clause"
            ],
            "description": "A PHP port of GraphQL Relay reference implementation",
            "homepage": "https://github.com/ivome/graphql-relay-php",
            "keywords": [
                "Relay",
                "api",
                "graphql"
            ],
            "support": {
                "issues": "https://github.com/ivome/graphql-relay-php/issues",
                "source": "https://github.com/ivome/graphql-relay-php/tree/v0.7.0"
            },
            "time": "2023-10-20T15:43:03+00:00"
        },
        {
            "name": "webonyx/graphql-php",
            "version": "v14.11.10",
            "source": {
                "type": "git",
                "url": "https://github.com/webonyx/graphql-php.git",
                "reference": "d9c2fdebc6aa01d831bc2969da00e8588cffef19"
            },
            "dist": {
                "type": "zip",
                "url": "https://api.github.com/repos/webonyx/graphql-php/zipball/d9c2fdebc6aa01d831bc2969da00e8588cffef19",
                "reference": "d9c2fdebc6aa01d831bc2969da00e8588cffef19",
                "shasum": ""
            },
            "require": {
                "ext-json": "*",
                "ext-mbstring": "*",
                "php": "^7.1 || ^8"
            },
            "require-dev": {
                "amphp/amp": "^2.3",
                "doctrine/coding-standard": "^6.0",
                "nyholm/psr7": "^1.2",
                "phpbench/phpbench": "^1.2",
                "phpstan/extension-installer": "^1.0",
                "phpstan/phpstan": "0.12.82",
                "phpstan/phpstan-phpunit": "0.12.18",
                "phpstan/phpstan-strict-rules": "0.12.9",
                "phpunit/phpunit": "^7.2 || ^8.5",
                "psr/http-message": "^1.0",
                "react/promise": "2.*",
                "simpod/php-coveralls-mirror": "^3.0"
            },
            "suggest": {
                "psr/http-message": "To use standard GraphQL server",
                "react/promise": "To leverage async resolving on React PHP platform"
            },
            "type": "library",
            "autoload": {
                "psr-4": {
                    "GraphQL\\": "src/"
                }
            },
            "notification-url": "https://packagist.org/downloads/",
            "license": [
                "MIT"
            ],
            "description": "A PHP port of GraphQL reference implementation",
            "homepage": "https://github.com/webonyx/graphql-php",
            "keywords": [
                "api",
                "graphql"
            ],
            "support": {
                "issues": "https://github.com/webonyx/graphql-php/issues",
                "source": "https://github.com/webonyx/graphql-php/tree/v14.11.10"
            },
            "funding": [
                {
                    "url": "https://opencollective.com/webonyx-graphql-php",
                    "type": "open_collective"
                }
            ],
            "time": "2023-07-05T14:23:37+00:00"
        },
        {
            "name": "wp-graphql/wp-graphql",
            "version": "1.27.2",
            "source": {
                "type": "git",
                "url": "https://github.com/wp-graphql/wp-graphql.git",
                "reference": "a44eef4ea478a531245bb22263e28534300dfb9f"
            },
            "dist": {
                "type": "zip",
                "url": "https://api.github.com/repos/wp-graphql/wp-graphql/zipball/a44eef4ea478a531245bb22263e28534300dfb9f",
                "reference": "a44eef4ea478a531245bb22263e28534300dfb9f",
                "shasum": ""
            },
            "require": {
                "appsero/client": "1.2.1",
                "ivome/graphql-relay-php": "0.7.0",
                "php": "^7.1 || ^8.0",
                "webonyx/graphql-php": "14.11.10"
            },
            "require-dev": {
                "automattic/vipwpcs": "^3.0",
                "codeception/module-asserts": "^1.0",
                "codeception/module-cli": "^1.0",
                "codeception/module-db": "^1.0",
                "codeception/module-filesystem": "^1.0",
                "codeception/module-phpbrowser": "^1.0",
                "codeception/module-rest": "^1.2",
                "codeception/module-webdriver": "^1.0",
                "codeception/util-universalframework": "^1.0",
                "lucatume/wp-browser": "<3.5",
                "php-coveralls/php-coveralls": "^2.5",
                "phpcompatibility/php-compatibility": "dev-develop as 9.9.9",
                "phpcompatibility/phpcompatibility-wp": "^2.1",
                "phpstan/extension-installer": "^1.1",
                "phpstan/phpstan": "~1.11.4",
                "phpunit/phpunit": "^9.5",
                "slevomat/coding-standard": "^8.9",
                "szepeviktor/phpstan-wordpress": "~1.3.0",
                "wp-cli/wp-cli-bundle": "^2.8",
                "wp-graphql/wp-graphql-testcase": "^3.0"
            },
            "type": "wordpress-plugin",
            "autoload": {
                "files": [],
                "psr-4": {
                    "WPGraphQL\\": "src/"
                }
            },
            "notification-url": "https://packagist.org/downloads/",
            "license": [
                "GPL-3.0-or-later"
            ],
            "authors": [
                {
                    "name": "Jason Bahl",
                    "email": "jasonbahl@mac.com"
                },
                {
                    "name": "Edwin Cromley"
                },
                {
                    "name": "Ryan Kanner"
                },
                {
                    "name": "Hughie Devore"
                },
                {
                    "name": "Chris Zarate"
                }
            ],
            "description": "GraphQL API for WordPress",
            "support": {
                "issues": "https://github.com/wp-graphql/wp-graphql/issues",
                "source": "https://github.com/wp-graphql/wp-graphql/tree/1.27.2"
            },
            "time": "2024-07-04T14:18:36+00:00"
        }
    ],
    "packages-dev": [],
    "aliases": [],
    "minimum-stability": "stable",
    "stability-flags": [],
    "prefer-stable": false,
    "prefer-lowest": false,
    "platform": [],
    "platform-dev": [],
    "plugin-api-version": "2.6.0"
}
